
Microsoft Visual Studio Solution File, Format Version 12.00
# Visual Studio Version 17
VisualStudioVersion = 17.5.002.0
MinimumVisualStudioVersion = 10.0.40219.1
Project("{2150E333-8FDC-42A3-9474-1A3956D46DE8}") = "src", "src", "{DC19311E-8FCC-48FD-8FC7-E7EBF6B48832}"
EndProject
Project("{9A19103F-16F7-4668-BE54-9A1E7A4F7556}") = "BlogApi", "src\BlogApi\BlogApi.csproj", "{580DA17A-115B-4B5D-9F85-A4C359D5B65B}"
EndProject
Global
	GlobalSection(SolutionConfigurationPlatforms) = preSolution
		Debug|Any CPU = Debug|Any CPU
		Release|Any CPU = Release|Any CPU
	EndGlobalSection
	GlobalSection(ProjectConfigurationPlatforms) = postSolution
		{580DA17A-115B-4B5D-9F85-A4C359D5B65B}.Debug|Any CPU.ActiveCfg = Debug|Any CPU
		{580DA17A-115B-4B5D-9F85-A4C359D5B65B}.Debug|Any CPU.Build.0 = Debug|Any CPU
		{580DA17A-115B-4B5D-9F85-A4C359D5B65B}.Release|Any CPU.ActiveCfg = Release|Any CPU
		{580DA17A-115B-4B5D-9F85-A4C359D5B65B}.Release|Any CPU.Build.0 = Release|Any CPU
	EndGlobalSection
	GlobalSection(SolutionProperties) = preSolution
		HideSolutionNode = FALSE
	EndGlobalSection
	GlobalSection(NestedProjects) = preSolution
		{580DA17A-115B-4B5D-9F85-A4C359D5B65B} = {DC19311E-8FCC-48FD-8FC7-E7EBF6B48832}
	EndGlobalSection
	GlobalSection(ExtensibilityGlobals) = postSolution
		SolutionGuid = {DE279713-F4CE-4BD4-9460-F109C93452FC}
	EndGlobalSection
EndGlobal
